// !$*UTF8*$!
{
	archiveVersion = 1;
	classes = {
	};
	objectVersion = 46;
	objects = {

/* Begin PBXBuildFile section */
		F82ACDE518BEB724007ABA7D /* ExternalAccessory.framework in Frameworks */ = {isa = PBXBuildFile; fileRef = F82ACDE418BEB724007ABA7D /* ExternalAccessory.framework */; };
		F87AA6D018B592F5005ABC31 /* Foundation.framework in Frameworks */ = {isa = PBXBuildFile; fileRef = F87AA6CF18B592F5005ABC31 /* Foundation.framework */; };
		F87AA6D218B592F5005ABC31 /* CoreGraphics.framework in Frameworks */ = {isa = PBXBuildFile; fileRef = F87AA6D118B592F5005ABC31 /* CoreGraphics.framework */; };
		F87AA6D418B592F5005ABC31 /* UIKit.framework in Frameworks */ = {isa = PBXBuildFile; fileRef = F87AA6D318B592F5005ABC31 /* UIKit.framework */; };
		F87AA6DA18B592F5005ABC31 /* InfoPlist.strings in Resources */ = {isa = PBXBuildFile; fileRef = F87AA6D818B592F5005ABC31 /* InfoPlist.strings */; };
		F87AA6DC18B592F5005ABC31 /* main.m in Sources */ = {isa = PBXBuildFile; fileRef = F87AA6DB18B592F5005ABC31 /* main.m */; };
		F87AA6E018B592F5005ABC31 /* AppDelegate.m in Sources */ = {isa = PBXBuildFile; fileRef = F87AA6DF18B592F5005ABC31 /* AppDelegate.m */; };
		F87AA6E318B592F5005ABC31 /* Main_iPhone.storyboard in Resources */ = {isa = PBXBuildFile; fileRef = F87AA6E118B592F5005ABC31 /* Main_iPhone.storyboard */; };
		F87AA6E618B592F5005ABC31 /* Main_iPad.storyboard in Resources */ = {isa = PBXBuildFile; fileRef = F87AA6E418B592F5005ABC31 /* Main_iPad.storyboard */; };
		F87AA6E918B592F5005ABC31 /* ViewController.m in Sources */ = {isa = PBXBuildFile; fileRef = F87AA6E818B592F5005ABC31 /* ViewController.m */; };
		F87AA6EB18B592F5005ABC31 /* Images.xcassets in Resources */ = {isa = PBXBuildFile; fileRef = F87AA6EA18B592F5005ABC31 /* Images.xcassets */; };
		F87AA6F218B592F5005ABC31 /* XCTest.framework in Frameworks */ = {isa = PBXBuildFile; fileRef = F87AA6F118B592F5005ABC31 /* XCTest.framework */; };
		F87AA6F318B592F5005ABC31 /* Foundation.framework in Frameworks */ = {isa = PBXBuildFile; fileRef = F87AA6CF18B592F5005ABC31 /* Foundation.framework */; };
		F87AA6F418B592F5005ABC31 /* UIKit.framework in Frameworks */ = {isa = PBXBuildFile; fileRef = F87AA6D318B592F5005ABC31 /* UIKit.framework */; };
		F87AA70918B593F9005ABC31 /* AtariDuoGamePad.m in Sources */ = {isa = PBXBuildFile; fileRef = F87AA70818B593F9005ABC31 /* AtariDuoGamePad.m */; };
/* End PBXBuildFile section */

/* Begin PBXContainerItemProxy section */
		F87AA6F518B592F5005ABC31 /* PBXContainerItemProxy */ = {
			isa = PBXContainerItemProxy;
			containerPortal = F87AA6C418B592F5005ABC31 /* Project object */;
			proxyType = 1;
			remoteGlobalIDString = F87AA6CB18B592F5005ABC31;
			remoteInfo = AtariDuoHack;
		};
/* End PBXContainerItemProxy section */

/* Begin PBXFileReference section */
		F82ACDE218BEB328007ABA7D /* en */ = {isa = PBXFileReference; lastKnownFileType = file.storyboard; name = en; path = en.lproj/Main_iPad.storyboard; sourceTree = "<group>"; };
		F82ACDE318BEB32F007ABA7D /* en */ = {isa = PBXFileReference; lastKnownFileType = file.storyboard; name = en; path = en.lproj/Main_iPhone.storyboard; sourceTree = "<group>"; };
		F82ACDE418BEB724007ABA7D /* ExternalAccessory.framework */ = {isa = PBXFileReference; lastKnownFileType = wrapper.framework; name = ExternalAccessory.framework; path = System/Library/Frameworks/ExternalAccessory.framework; sourceTree = SDKROOT; };
		F87AA6CC18B592F5005ABC31 /* AtariDuoHack.app */ = {isa = PBXFileReference; explicitFileType = wrapper.application; includeInIndex = 0; path = AtariDuoHack.app; sourceTree = BUILT_PRODUCTS_DIR; };
		F87AA6CF18B592F5005ABC31 /* Foundation.framework */ = {isa = PBXFileReference; lastKnownFileType = wrapper.framework; name = Foundation.framework; path = System/Library/Frameworks/Foundation.framework; sourceTree = SDKROOT; };
		F87AA6D118B592F5005ABC31 /* CoreGraphics.framework */ = {isa = PBXFileReference; lastKnownFileType = wrapper.framework; name = CoreGraphics.framework; path = System/Library/Frameworks/CoreGraphics.framework; sourceTree = SDKROOT; };
		F87AA6D318B592F5005ABC31 /* UIKit.framework */ = {isa = PBXFileReference; lastKnownFileType = wrapper.framework; name = UIKit.framework; path = System/Library/Frameworks/UIKit.framework; sourceTree = SDKROOT; };
		F87AA6D718B592F5005ABC31 /* AtariDuoHack-Info.plist */ = {isa = PBXFileReference; lastKnownFileType = text.plist.xml; path = "AtariDuoHack-Info.plist"; sourceTree = "<group>"; };
		F87AA6D918B592F5005ABC31 /* en */ = {isa = PBXFileReference; lastKnownFileType = text.plist.strings; name = en; path = en.lproj/InfoPlist.strings; sourceTree = "<group>"; };
		F87AA6DB18B592F5005ABC31 /* main.m */ = {isa = PBXFileReference; lastKnownFileType = sourcecode.c.objc; path = main.m; sourceTree = "<group>"; };
		F87AA6DD18B592F5005ABC31 /* AtariDuoHack-Prefix.pch */ = {isa = PBXFileReference; lastKnownFileType = sourcecode.c.h; path = "AtariDuoHack-Prefix.pch"; sourceTree = "<group>"; };
		F87AA6DE18B592F5005ABC31 /* AppDelegate.h */ = {isa = PBXFileReference; lastKnownFileType = sourcecode.c.h; path = AppDelegate.h; sourceTree = "<group>"; };
		F87AA6DF18B592F5005ABC31 /* AppDelegate.m */ = {isa = PBXFileReference; lastKnownFileType = sourcecode.c.objc; path = AppDelegate.m; sourceTree = "<group>"; };
		F87AA6E718B592F5005ABC31 /* ViewController.h */ = {isa = PBXFileReference; lastKnownFileType = sourcecode.c.h; path = ViewController.h; sourceTree = "<group>"; };
		F87AA6E818B592F5005ABC31 /* ViewController.m */ = {isa = PBXFileReference; lastKnownFileType = sourcecode.c.objc; path = ViewController.m; sourceTree = "<group>"; };
		F87AA6EA18B592F5005ABC31 /* Images.xcassets */ = {isa = PBXFileReference; lastKnownFileType = folder.assetcatalog; path = Images.xcassets; sourceTree = "<group>"; };
		F87AA6F018B592F5005ABC31 /* AtariDuoHackTests.xctest */ = {isa = PBXFileReference; explicitFileType = wrapper.cfbundle; includeInIndex = 0; path = AtariDuoHackTests.xctest; sourceTree = BUILT_PRODUCTS_DIR; };
		F87AA6F118B592F5005ABC31 /* XCTest.framework */ = {isa = PBXFileReference; lastKnownFileType = wrapper.framework; name = XCTest.framework; path = Library/Frameworks/XCTest.framework; sourceTree = DEVELOPER_DIR; };
		F87AA70718B593F9005ABC31 /* AtariDuoGamePad.h */ = {isa = PBXFileReference; fileEncoding = 4; lastKnownFileType = sourcecode.c.h; path = AtariDuoGamePad.h; sourceTree = "<group>"; };
		F87AA70818B593F9005ABC31 /* AtariDuoGamePad.m */ = {isa = PBXFileReference; fileEncoding = 4; lastKnownFileType = sourcecode.c.objc; path = AtariDuoGamePad.m; sourceTree = "<group>"; };
/* End PBXFileReference section */

/* Begin PBXFrameworksBuildPhase section */
		F87AA6C918B592F5005ABC31 /* Frameworks */ = {
			isa = PBXFrameworksBuildPhase;
			buildActionMask = 2147483647;
			files = (
				F87AA6D218B592F5005ABC31 /* CoreGraphics.framework in Frameworks */,
				F87AA6D418B592F5005ABC31 /* UIKit.framework in Frameworks */,
				F87AA6D018B592F5005ABC31 /* Foundation.framework in Frameworks */,
			);
			runOnlyForDeploymentPostprocessing = 0;
		};
		F87AA6ED18B592F5005ABC31 /* Frameworks */ = {
			isa = PBXFrameworksBuildPhase;
			buildActionMask = 2147483647;
			files = (
				F82ACDE518BEB724007ABA7D /* ExternalAccessory.framework in Frameworks */,
				F87AA6F218B592F5005ABC31 /* XCTest.framework in Frameworks */,
				F87AA6F418B592F5005ABC31 /* UIKit.framework in Frameworks */,
				F87AA6F318B592F5005ABC31 /* Foundation.framework in Frameworks */,
			);
			runOnlyForDeploymentPostprocessing = 0;
		};
/* End PBXFrameworksBuildPhase section */

/* Begin PBXGroup section */
		F87AA6C318B592F5005ABC31 = {
			isa = PBXGroup;
			children = (
				F87AA6D518B592F5005ABC31 /* AtariDuoHack */,
				F87AA6CE18B592F5005ABC31 /* Frameworks */,
				F87AA6CD18B592F5005ABC31 /* Products */,
			);
			sourceTree = "<group>";
		};
		F87AA6CD18B592F5005ABC31 /* Products */ = {
			isa = PBXGroup;
			children = (
				F87AA6CC18B592F5005ABC31 /* AtariDuoHack.app */,
				F87AA6F018B592F5005ABC31 /* AtariDuoHackTests.xctest */,
			);
			name = Products;
			sourceTree = "<group>";
		};
		F87AA6CE18B592F5005ABC31 /* Frameworks */ = {
			isa = PBXGroup;
			children = (
				F82ACDE418BEB724007ABA7D /* ExternalAccessory.framework */,
				F87AA6CF18B592F5005ABC31 /* Foundation.framework */,
				F87AA6D118B592F5005ABC31 /* CoreGraphics.framework */,
				F87AA6D318B592F5005ABC31 /* UIKit.framework */,
				F87AA6F118B592F5005ABC31 /* XCTest.framework */,
			);
			name = Frameworks;
			sourceTree = "<group>";
		};
		F87AA6D518B592F5005ABC31 /* AtariDuoHack */ = {
			isa = PBXGroup;
			children = (
				F87AA6DE18B592F5005ABC31 /* AppDelegate.h */,
				F87AA6DF18B592F5005ABC31 /* AppDelegate.m */,
				F87AA6E718B592F5005ABC31 /* ViewController.h */,
				F87AA6E818B592F5005ABC31 /* ViewController.m */,
				F87AA70718B593F9005ABC31 /* AtariDuoGamePad.h */,
				F87AA70818B593F9005ABC31 /* AtariDuoGamePad.m */,
				F87AA6E118B592F5005ABC31 /* Main_iPhone.storyboard */,
				F87AA6E418B592F5005ABC31 /* Main_iPad.storyboard */,
				F87AA6EA18B592F5005ABC31 /* Images.xcassets */,
				F87AA6D618B592F5005ABC31 /* Supporting Files */,
			);
			path = AtariDuoHack;
			sourceTree = "<group>";
		};
		F87AA6D618B592F5005ABC31 /* Supporting Files */ = {
			isa = PBXGroup;
			children = (
				F87AA6D718B592F5005ABC31 /* AtariDuoHack-Info.plist */,
				F87AA6D818B592F5005ABC31 /* InfoPlist.strings */,
				F87AA6DB18B592F5005ABC31 /* main.m */,
				F87AA6DD18B592F5005ABC31 /* AtariDuoHack-Prefix.pch */,
			);
			name = "Supporting Files";
			sourceTree = "<group>";
		};
/* End PBXGroup section */

/* Begin PBXNativeTarget section */
		F87AA6CB18B592F5005ABC31 /* AtariDuoHack */ = {
			isa = PBXNativeTarget;
			buildConfigurationList = F87AA70118B592F5005ABC31 /* Build configuration list for PBXNativeTarget "AtariDuoHack" */;
			buildPhases = (
				F87AA6C818B592F5005ABC31 /* Sources */,
				F87AA6C918B592F5005ABC31 /* Frameworks */,
				F87AA6CA18B592F5005ABC31 /* Resources */,
			);
			buildRules = (
			);
			dependencies = (
			);
			name = AtariDuoHack;
			productName = AtariDuoHack;
			productReference = F87AA6CC18B592F5005ABC31 /* AtariDuoHack.app */;
			productType = "com.apple.product-type.application";
		};
		F87AA6EF18B592F5005ABC31 /* AtariDuoHackTests */ = {
			isa = PBXNativeTarget;
			buildConfigurationList = F87AA70418B592F5005ABC31 /* Build configuration list for PBXNativeTarget "AtariDuoHackTests" */;
			buildPhases = (
				F87AA6EC18B592F5005ABC31 /* Sources */,
				F87AA6ED18B592F5005ABC31 /* Frameworks */,
				F87AA6EE18B592F5005ABC31 /* Resources */,
			);
			buildRules = (
			);
			dependencies = (
				F87AA6F618B592F5005ABC31 /* PBXTargetDependency */,
			);
			name = AtariDuoHackTests;
			productName = AtariDuoHackTests;
			productReference = F87AA6F018B592F5005ABC31 /* AtariDuoHackTests.xctest */;
			productType = "com.apple.product-type.bundle.unit-test";
		};
/* End PBXNativeTarget section */

/* Begin PBXProject section */
		F87AA6C418B592F5005ABC31 /* Project object */ = {
			isa = PBXProject;
			attributes = {
				LastUpgradeCheck = 0510;
				ORGANIZATIONNAME = "Foolish Code";
				TargetAttributes = {
					F87AA6EF18B592F5005ABC31 = {
						TestTargetID = F87AA6CB18B592F5005ABC31;
					};
				};
			};
			buildConfigurationList = F87AA6C718B592F5005ABC31 /* Build configuration list for PBXProject "AtariDuoHack" */;
			compatibilityVersion = "Xcode 3.2";
			developmentRegion = English;
			hasScannedForEncodings = 0;
			knownRegions = (
				en,
				Base,
			);
			mainGroup = F87AA6C318B592F5005ABC31;
			productRefGroup = F87AA6CD18B592F5005ABC31 /* Products */;
			projectDirPath = "";
			projectRoot = "";
			targets = (
				F87AA6CB18B592F5005ABC31 /* AtariDuoHack */,
				F87AA6EF18B592F5005ABC31 /* AtariDuoHackTests */,
			);
		};
/* End PBXProject section */

/* Begin PBXResourcesBuildPhase section */
		F87AA6CA18B592F5005ABC31 /* Resources */ = {
			isa = PBXResourcesBuildPhase;
			buildActionMask = 2147483647;
			files = (
				F87AA6E618B592F5005ABC31 /* Main_iPad.storyboard in Resources */,
				F87AA6EB18B592F5005ABC31 /* Images.xcassets in Resources */,
				F87AA6E318B592F5005ABC31 /* Main_iPhone.storyboard in Resources */,
				F87AA6DA18B592F5005ABC31 /* InfoPlist.strings in Resources */,
			);
			runOnlyForDeploymentPostprocessing = 0;
		};
		F87AA6EE18B592F5005ABC31 /* Resources */ = {
			isa = PBXResourcesBuildPhase;
			buildActionMask = 2147483647;
			files = (
			);
			runOnlyForDeploymentPostprocessing = 0;
		};
/* End PBXResourcesBuildPhase section */

/* Begin PBXSourcesBuildPhase section */
		F87AA6C818B592F5005ABC31 /* Sources */ = {
			isa = PBXSourcesBuildPhase;
			buildActionMask = 2147483647;
			files = (
				F87AA70918B593F9005ABC31 /* AtariDuoGamePad.m in Sources */,
				F87AA6E918B592F5005ABC31 /* ViewController.m in Sources */,
				F87AA6E018B592F5005ABC31 /* AppDelegate.m in Sources */,
				F87AA6DC18B592F5005ABC31 /* main.m in Sources */,
			);
			runOnlyForDeploymentPostprocessing = 0;
		};
		F87AA6EC18B592F5005ABC31 /* Sources */ = {
			isa = PBXSourcesBuildPhase;
			buildActionMask = 2147483647;
			files = (
			);
			runOnlyForDeploymentPostprocessing = 0;
		};
/* End PBXSourcesBuildPhase section */

/* Begin PBXTargetDependency section */
		F87AA6F618B592F5005ABC31 /* PBXTargetDependency */ = {
			isa = PBXTargetDependency;
			target = F87AA6CB18B592F5005ABC31 /* AtariDuoHack */;
			targetProxy = F87AA6F518B592F5005ABC31 /* PBXContainerItemProxy */;
		};
/* End PBXTargetDependency section */

/* Begin PBXVariantGroup section */
		F87AA6D818B592F5005ABC31 /* InfoPlist.strings */ = {
			isa = PBXVariantGroup;
			children = (
				F87AA6D918B592F5005ABC31 /* en */,
			);
			name = InfoPlist.strings;
			sourceTree = "<group>";
		};
		F87AA6E118B592F5005ABC31 /* Main_iPhone.storyboard */ = {
			isa = PBXVariantGroup;
			children = (
				F82ACDE318BEB32F007ABA7D /* en */,
			);
			name = Main_iPhone.storyboard;
			sourceTree = "<group>";
		};
		F87AA6E418B592F5005ABC31 /* Main_iPad.storyboard */ = {
			isa = PBXVariantGroup;
			children = (
				F82ACDE218BEB328007ABA7D /* en */,
			);
			name = Main_iPad.storyboard;
			sourceTree = "<group>";
		};
/* End PBXVariantGroup section */

/* Begin XCBuildConfiguration section */
		F87AA6FF18B592F5005ABC31 /* Debug */ = {
			isa = XCBuildConfiguration;
			buildSettings = {
				ALWAYS_SEARCH_USER_PATHS = NO;
				CLANG_CXX_LANGUAGE_STANDARD = "gnu++0x";
				CLANG_CXX_LIBRARY = "libc++";
				CLANG_ENABLE_MODULES = YES;
				CLANG_ENABLE_OBJC_ARC = YES;
				CLANG_WARN_BOOL_CONVERSION = YES;
				CLANG_WARN_CONSTANT_CONVERSION = YES;
				CLANG_WARN_DIRECT_OBJC_ISA_USAGE = YES_ERROR;
				CLANG_WARN_EMPTY_BODY = YES;
				CLANG_WARN_ENUM_CONVERSION = YES;
				CLANG_WARN_INT_CONVERSION = YES;
				CLANG_WARN_OBJC_ROOT_CLASS = YES_ERROR;
				CLANG_WARN__DUPLICATE_METHOD_MATCH = YES;
				"CODE_SIGN_IDENTITY[sdk=iphoneos*]" = "iPhone Developer";
				COPY_PHASE_STRIP = NO;
				ENABLE_BITCODE = NO;
				GCC_C_LANGUAGE_STANDARD = gnu99;
				GCC_DYNAMIC_NO_PIC = NO;
				GCC_OPTIMIZATION_LEVEL = 0;
				GCC_PREPROCESSOR_DEFINITIONS = (
					"DEBUG=1",
					"$(inherited)",
				);
				GCC_SYMBOLS_PRIVATE_EXTERN = NO;
				GCC_WARN_64_TO_32_BIT_CONVERSION = YES;
				GCC_WARN_ABOUT_RETURN_TYPE = YES_ERROR;
				GCC_WARN_UNDECLARED_SELECTOR = YES;
				GCC_WARN_UNINITIALIZED_AUTOS = YES_AGGRESSIVE;
				GCC_WARN_UNUSED_FUNCTION = YES;
				GCC_WARN_UNUSED_VARIABLE = YES;
				IPHONEOS_DEPLOYMENT_TARGET = 7.1;
				ONLY_ACTIVE_ARCH = YES;
				SDKROOT = iphoneos;
				TARGETED_DEVICE_FAMILY = "1,2";
			};
			name = Debug;
		};
		F87AA70018B592F5005ABC31 /* Release */ = {
			isa = XCBuildConfiguration;
			buildSettings = {
				ALWAYS_SEARCH_USER_PATHS = NO;
				CLANG_CXX_LANGUAGE_STANDARD = "gnu++0x";
				CLANG_CXX_LIBRARY = "libc++";
				CLANG_ENABLE_MODULES = YES;
				CLANG_ENABLE_OBJC_ARC = YES;
				CLANG_WARN_BOOL_CONVERSION = YES;
				CLANG_WARN_CONSTANT_CONVERSION = YES;
				CLANG_WARN_DIRECT_OBJC_ISA_USAGE = YES_ERROR;
				CLANG_WARN_EMPTY_BODY = YES;
				CLANG_WARN_ENUM_CONVERSION = YES;
				CLANG_WARN_INT_CONVERSION = YES;
				CLANG_WARN_OBJC_ROOT_CLASS = YES_ERROR;
				CLANG_WARN__DUPLICATE_METHOD_MATCH = YES;
				"CODE_SIGN_IDENTITY[sdk=iphoneos*]" = "iPhone Developer";
				COPY_PHASE_STRIP = YES;
				ENABLE_BITCODE = NO;
				ENABLE_NS_ASSERTIONS = NO;
				GCC_C_LANGUAGE_STANDARD = gnu99;
				GCC_WARN_64_TO_32_BIT_CONVERSION = YES;
				GCC_WARN_ABOUT_RETURN_TYPE = YES_ERROR;
				GCC_WARN_UNDECLARED_SELECTOR = YES;
				GCC_WARN_UNINITIALIZED_AUTOS = YES_AGGRESSIVE;
				GCC_WARN_UNUSED_FUNCTION = YES;
				GCC_WARN_UNUSED_VARIABLE = YES;
				IPHONEOS_DEPLOYMENT_TARGET = 7.1;
				SDKROOT = iphoneos;
				TARGETED_DEVICE_FAMILY = "1,2";
				VALIDATE_PRODUCT = YES;
			};
			name = Release;
		};
		F87AA70218B592F5005ABC31 /* Debug */ = {
			isa = XCBuildConfiguration;
			buildSettings = {
				ASSETCATALOG_COMPILER_APPICON_NAME = AppIcon;
				ASSETCATALOG_COMPILER_LAUNCHIMAGE_NAME = LaunchImage;
				GCC_PRECOMPILE_PREFIX_HEADER = YES;
				GCC_PREFIX_HEADER = "AtariDuoHack/AtariDuoHack-Prefix.pch";
				INFOPLIST_FILE = "AtariDuoHack/AtariDuoHack-Info.plist";
				IPHONEOS_DEPLOYMENT_TARGET = 5.0;
				PRODUCT_NAME = "$(TARGET_NAME)";
				WRAPPER_EXTENSION = app;
			};
			name = Debug;
		};
		F87AA70318B592F5005ABC31 /* Release */ = {
			isa = XCBuildConfiguration;
			buildSettings = {
				ASSETCATALOG_COMPILER_APPICON_NAME = AppIcon;
				ASSETCATALOG_COMPILER_LAUNCHIMAGE_NAME = LaunchImage;
				GCC_PRECOMPILE_PREFIX_HEADER = YES;
				GCC_PREFIX_HEADER = "AtariDuoHack/AtariDuoHack-Prefix.pch";
				INFOPLIST_FILE = "AtariDuoHack/AtariDuoHack-Info.plist";
				IPHONEOS_DEPLOYMENT_TARGET = 5.0;
				PRODUCT_NAME = "$(TARGET_NAME)";
				WRAPPER_EXTENSION = app;
			};
			name = Release;
		};
		F87AA70518B592F5005ABC31 /* Debug */ = {
			isa = XCBuildConfiguration;
			buildSettings = {
				ARCHS = "$(ARCHS_STANDARD_INCLUDING_64_BIT)";
				BUNDLE_LOADER = "$(BUILT_PRODUCTS_DIR)/AtariDuoHack.app/AtariDuoHack";
				FRAMEWORK_SEARCH_PATHS = (
					"$(SDKROOT)/Developer/Library/Frameworks",
					"$(inherited)",
					"$(DEVELOPER_FRAMEWORKS_DIR)",
				);
				GCC_PRECOMPILE_PREFIX_HEADER = YES;
				GCC_PREFIX_HEADER = "AtariDuoHack/AtariDuoHack-Prefix.pch";
				GCC_PREPROCESSOR_DEFINITIONS = (
					"DEBUG=1",
					"$(inherited)",
				);
				INFOPLIST_FILE = "AtariDuoHackTests/AtariDuoHackTests-Info.plist";
				IPHONEOS_DEPLOYMENT_TARGET = 7.0;
				PRODUCT_NAME = "$(TARGET_NAME)";
				TEST_HOST = "$(BUNDLE_LOADER)";
				WRAPPER_EXTENSION = xctest;
			};
			name = Debug;
		};
		F87AA70618B592F5005ABC31 /* Release */ = {
			isa = XCBuildConfiguration;
			buildSettings = {
				ARCHS = "$(ARCHS_STANDARD_INCLUDING_64_BIT)";
				BUNDLE_LOADER = "$(BUILT_PRODUCTS_DIR)/AtariDuoHack.app/AtariDuoHack";
				FRAMEWORK_SEARCH_PATHS = (
					"$(SDKROOT)/Developer/Library/Frameworks",
					"$(inherited)",
					"$(DEVELOPER_FRAMEWORKS_DIR)",
				);
				GCC_PRECOMPILE_PREFIX_HEADER = YES;
				GCC_PREFIX_HEADER = "AtariDuoHack/AtariDuoHack-Prefix.pch";
				INFOPLIST_FILE = "AtariDuoHackTests/AtariDuoHackTests-Info.plist";
				IPHONEOS_DEPLOYMENT_TARGET = 7.0;
				PRODUCT_NAME = "$(TARGET_NAME)";
				TEST_HOST = "$(BUNDLE_LOADER)";
				WRAPPER_EXTENSION = xctest;
			};
			name = Release;
		};
/* End XCBuildConfiguration section */

/* Begin XCConfigurationList section */
		F87AA6C718B592F5005ABC31 /* Build configuration list for PBXProject "AtariDuoHack" */ = {
			isa = XCConfigurationList;
			buildConfigurations = (
				F87AA6FF18B592F5005ABC31 /* Debug */,
				F87AA70018B592F5005ABC31 /* Release */,
			);
			defaultConfigurationIsVisible = 0;
			defaultConfigurationName = Release;
		};
		F87AA70118B592F5005ABC31 /* Build configuration list for PBXNativeTarget "AtariDuoHack" */ = {
			isa = XCConfigurationList;
			buildConfigurations = (
				F87AA70218B592F5005ABC31 /* Debug */,
				F87AA70318B592F5005ABC31 /* Release */,
			);
			defaultConfigurationIsVisible = 0;
			defaultConfigurationName = Release;
		};
		F87AA70418B592F5005ABC31 /* Build configuration list for PBXNativeTarget "AtariDuoHackTests" */ = {
			isa = XCConfigurationList;
			buildConfigurations = (
				F87AA70518B592F5005ABC31 /* Debug */,
				F87AA70618B592F5005ABC31 /* Release */,
			);
			defaultConfigurationIsVisible = 0;
			defaultConfigurationName = Release;
		};
/* End XCConfigurationList section */
	};
	rootObject = F87AA6C418B592F5005ABC31 /* Project object */;
}
